
Microsoft Visual Studio Solution File, Format Version 12.00
# Visual Studio Version 17
VisualStudioVersion = 17.0.31903.59
MinimumVisualStudioVersion = 10.0.40219.1
Project("{2150E333-8FDC-42A3-9474-1A3956D46DE8}") = "src", "src", "{827E0CD3-B72D-47B6-A68D-7590B98EB39B}"
EndProject
Project("{2150E333-8FDC-42A3-9474-1A3956D46DE8}") = "shared", "shared", "{C8E42992-5E42-0C2B-DBFE-AA848D06431C}"
EndProject
Project("{FAE04EC0-301F-11D3-BF4B-00C04F79EFBC}") = "Observability", "src\shared\Observability\Observability.csproj", "{212EDFE2-1AAF-4017-AC49-2DE5D539EB56}"
EndProject
Project("{FAE04EC0-301F-11D3-BF4B-00C04F79EFBC}") = "mock-api", "src\mock-api\mock-api.csproj", "{EE5E4429-11CF-4381-AA8A-AB7295DDE189}"
EndProject
Project("{FAE04EC0-301F-11D3-BF4B-00C04F79EFBC}") = "orchestration-api", "src\orchestration-api\orchestration-api.csproj", "{927FE5C3-9DCC-4420-B8D5-B240FD6E6DBD}"
EndProject
Project("{FAE04EC0-301F-11D3-BF4B-00C04F79EFBC}") = "agent-provisioner", "src\agent-provisioner\agent-provisioner.csproj", "{35D6D2D8-6961-44A6-A933-04774A429463}"
EndProject
Project("{2150E333-8FDC-42A3-9474-1A3956D46DE8}") = "tests", "tests", "{0AB3BF05-4346-4AA6-1389-037BE0695223}"
EndProject
Project("{FAE04EC0-301F-11D3-BF4B-00C04F79EFBC}") = "mock-api.Tests", "tests\mock-api.Tests\mock-api.Tests.csproj", "{0C68C432-ECCC-445E-8ACA-1D5041E96CDA}"
EndProject
Project("{FAE04EC0-301F-11D3-BF4B-00C04F79EFBC}") = "orchestration-api.Tests", "tests\orchestration-api.Tests\orchestration-api.Tests.csproj", "{18EADC98-C1A6-4B0C-895D-61B48D8CB658}"
EndProject
Global
	GlobalSection(SolutionConfigurationPlatforms) = preSolution
		Debug|Any CPU = Debug|Any CPU
		Debug|x64 = Debug|x64
		Debug|x86 = Debug|x86
		Release|Any CPU = Release|Any CPU
		Release|x64 = Release|x64
		Release|x86 = Release|x86
	EndGlobalSection
	GlobalSection(ProjectConfigurationPlatforms) = postSolution
		{212EDFE2-1AAF-4017-AC49-2DE5D539EB56}.Debug|Any CPU.ActiveCfg = Debug|Any CPU
		{212EDFE2-1AAF-4017-AC49-2DE5D539EB56}.Debug|Any CPU.Build.0 = Debug|Any CPU
		{212EDFE2-1AAF-4017-AC49-2DE5D539EB56}.Debug|x64.ActiveCfg = Debug|Any CPU
		{212EDFE2-1AAF-4017-AC49-2DE5D539EB56}.Debug|x64.Build.0 = Debug|Any CPU
		{212EDFE2-1AAF-4017-AC49-2DE5D539EB56}.Debug|x86.ActiveCfg = Debug|Any CPU
		{212EDFE2-1AAF-4017-AC49-2DE5D539EB56}.Debug|x86.Build.0 = Debug|Any CPU
		{212EDFE2-1AAF-4017-AC49-2DE5D539EB56}.Release|Any CPU.ActiveCfg = Release|Any CPU
		{212EDFE2-1AAF-4017-AC49-2DE5D539EB56}.Release|Any CPU.Build.0 = Release|Any CPU
		{212EDFE2-1AAF-4017-AC49-2DE5D539EB56}.Release|x64.ActiveCfg = Release|Any CPU
		{212EDFE2-1AAF-4017-AC49-2DE5D539EB56}.Release|x64.Build.0 = Release|Any CPU
		{212EDFE2-1AAF-4017-AC49-2DE5D539EB56}.Release|x86.ActiveCfg = Release|Any CPU
		{212EDFE2-1AAF-4017-AC49-2DE5D539EB56}.Release|x86.Build.0 = Release|Any CPU
		{EE5E4429-11CF-4381-AA8A-AB7295DDE189}.Debug|Any CPU.ActiveCfg = Debug|Any CPU
		{EE5E4429-11CF-4381-AA8A-AB7295DDE189}.Debug|Any CPU.Build.0 = Debug|Any CPU
		{EE5E4429-11CF-4381-AA8A-AB7295DDE189}.Debug|x64.ActiveCfg = Debug|Any CPU
		{EE5E4429-11CF-4381-AA8A-AB7295DDE189}.Debug|x64.Build.0 = Debug|Any CPU
		{EE5E4429-11CF-4381-AA8A-AB7295DDE189}.Debug|x86.ActiveCfg = Debug|Any CPU
		{EE5E4429-11CF-4381-AA8A-AB7295DDE189}.Debug|x86.Build.0 = Debug|Any CPU
		{EE5E4429-11CF-4381-AA8A-AB7295DDE189}.Release|Any CPU.ActiveCfg = Release|Any CPU
		{EE5E4429-11CF-4381-AA8A-AB7295DDE189}.Release|Any CPU.Build.0 = Release|Any CPU
		{EE5E4429-11CF-4381-AA8A-AB7295DDE189}.Release|x64.ActiveCfg = Release|Any CPU
		{EE5E4429-11CF-4381-AA8A-AB7295DDE189}.Release|x64.Build.0 = Release|Any CPU
		{EE5E4429-11CF-4381-AA8A-AB7295DDE189}.Release|x86.ActiveCfg = Release|Any CPU
		{EE5E4429-11CF-4381-AA8A-AB7295DDE189}.Release|x86.Build.0 = Release|Any CPU
		{927FE5C3-9DCC-4420-B8D5-B240FD6E6DBD}.Debug|Any CPU.ActiveCfg = Debug|Any CPU
		{927FE5C3-9DCC-4420-B8D5-B240FD6E6DBD}.Debug|Any CPU.Build.0 = Debug|Any CPU
		{927FE5C3-9DCC-4420-B8D5-B240FD6E6DBD}.Debug|x64.ActiveCfg = Debug|Any CPU
		{927FE5C3-9DCC-4420-B8D5-B240FD6E6DBD}.Debug|x64.Build.0 = Debug|Any CPU
		{927FE5C3-9DCC-4420-B8D5-B240FD6E6DBD}.Debug|x86.ActiveCfg = Debug|Any CPU
		{927FE5C3-9DCC-4420-B8D5-B240FD6E6DBD}.Debug|x86.Build.0 = Debug|Any CPU
		{927FE5C3-9DCC-4420-B8D5-B240FD6E6DBD}.Release|Any CPU.ActiveCfg = Release|Any CPU
		{927FE5C3-9DCC-4420-B8D5-B240FD6E6DBD}.Release|Any CPU.Build.0 = Release|Any CPU
		{927FE5C3-9DCC-4420-B8D5-B240FD6E6DBD}.Release|x64.ActiveCfg = Release|Any CPU
		{927FE5C3-9DCC-4420-B8D5-B240FD6E6DBD}.Release|x64.Build.0 = Release|Any CPU
		{927FE5C3-9DCC-4420-B8D5-B240FD6E6DBD}.Release|x86.ActiveCfg = Release|Any CPU
		{927FE5C3-9DCC-4420-B8D5-B240FD6E6DBD}.Release|x86.Build.0 = Release|Any CPU
		{35D6D2D8-6961-44A6-A933-04774A429463}.Debug|Any CPU.ActiveCfg = Debug|Any CPU
		{35D6D2D8-6961-44A6-A933-04774A429463}.Debug|Any CPU.Build.0 = Debug|Any CPU
		{35D6D2D8-6961-44A6-A933-04774A429463}.Debug|x64.ActiveCfg = Debug|Any CPU
		{35D6D2D8-6961-44A6-A933-04774A429463}.Debug|x64.Build.0 = Debug|Any CPU
		{35D6D2D8-6961-44A6-A933-04774A429463}.Debug|x86.ActiveCfg = Debug|Any CPU
		{35D6D2D8-6961-44A6-A933-04774A429463}.Debug|x86.Build.0 = Debug|Any CPU
		{35D6D2D8-6961-44A6-A933-04774A429463}.Release|Any CPU.ActiveCfg = Release|Any CPU
		{35D6D2D8-6961-44A6-A933-04774A429463}.Release|Any CPU.Build.0 = Release|Any CPU
		{35D6D2D8-6961-44A6-A933-04774A429463}.Release|x64.ActiveCfg = Release|Any CPU
		{35D6D2D8-6961-44A6-A933-04774A429463}.Release|x64.Build.0 = Release|Any CPU
		{35D6D2D8-6961-44A6-A933-04774A429463}.Release|x86.ActiveCfg = Release|Any CPU
		{35D6D2D8-6961-44A6-A933-04774A429463}.Release|x86.Build.0 = Release|Any CPU
		{0C68C432-ECCC-445E-8ACA-1D5041E96CDA}.Debug|Any CPU.ActiveCfg = Debug|Any CPU
		{0C68C432-ECCC-445E-8ACA-1D5041E96CDA}.Debug|Any CPU.Build.0 = Debug|Any CPU
		{0C68C432-ECCC-445E-8ACA-1D5041E96CDA}.Debug|x64.ActiveCfg = Debug|Any CPU
		{0C68C432-ECCC-445E-8ACA-1D5041E96CDA}.Debug|x64.Build.0 = Debug|Any CPU
		{0C68C432-ECCC-445E-8ACA-1D5041E96CDA}.Debug|x86.ActiveCfg = Debug|Any CPU
		{0C68C432-ECCC-445E-8ACA-1D5041E96CDA}.Debug|x86.Build.0 = Debug|Any CPU
		{0C68C432-ECCC-445E-8ACA-1D5041E96CDA}.Release|Any CPU.ActiveCfg = Release|Any CPU
		{0C68C432-ECCC-445E-8ACA-1D5041E96CDA}.Release|Any CPU.Build.0 = Release|Any CPU
		{0C68C432-ECCC-445E-8ACA-1D5041E96CDA}.Release|x64.ActiveCfg = Release|Any CPU
		{0C68C432-ECCC-445E-8ACA-1D5041E96CDA}.Release|x64.Build.0 = Release|Any CPU
		{0C68C432-ECCC-445E-8ACA-1D5041E96CDA}.Release|x86.ActiveCfg = Release|Any CPU
		{0C68C432-ECCC-445E-8ACA-1D5041E96CDA}.Release|x86.Build.0 = Release|Any CPU
		{18EADC98-C1A6-4B0C-895D-61B48D8CB658}.Debug|Any CPU.ActiveCfg = Debug|Any CPU
		{18EADC98-C1A6-4B0C-895D-61B48D8CB658}.Debug|Any CPU.Build.0 = Debug|Any CPU
		{18EADC98-C1A6-4B0C-895D-61B48D8CB658}.Debug|x64.ActiveCfg = Debug|Any CPU
		{18EADC98-C1A6-4B0C-895D-61B48D8CB658}.Debug|x64.Build.0 = Debug|Any CPU
		{18EADC98-C1A6-4B0C-895D-61B48D8CB658}.Debug|x86.ActiveCfg = Debug|Any CPU
		{18EADC98-C1A6-4B0C-895D-61B48D8CB658}.Debug|x86.Build.0 = Debug|Any CPU
		{18EADC98-C1A6-4B0C-895D-61B48D8CB658}.Release|Any CPU.ActiveCfg = Release|Any CPU
		{18EADC98-C1A6-4B0C-895D-61B48D8CB658}.Release|Any CPU.Build.0 = Release|Any CPU
		{18EADC98-C1A6-4B0C-895D-61B48D8CB658}.Release|x64.ActiveCfg = Release|Any CPU
		{18EADC98-C1A6-4B0C-895D-61B48D8CB658}.Release|x64.Build.0 = Release|Any CPU
		{18EADC98-C1A6-4B0C-895D-61B48D8CB658}.Release|x86.ActiveCfg = Release|Any CPU
		{18EADC98-C1A6-4B0C-895D-61B48D8CB658}.Release|x86.Build.0 = Release|Any CPU
	EndGlobalSection
	GlobalSection(SolutionProperties) = preSolution
		HideSolutionNode = FALSE
	EndGlobalSection
	GlobalSection(NestedProjects) = preSolution
		{C8E42992-5E42-0C2B-DBFE-AA848D06431C} = {827E0CD3-B72D-47B6-A68D-7590B98EB39B}
		{212EDFE2-1AAF-4017-AC49-2DE5D539EB56} = {C8E42992-5E42-0C2B-DBFE-AA848D06431C}
		{EE5E4429-11CF-4381-AA8A-AB7295DDE189} = {827E0CD3-B72D-47B6-A68D-7590B98EB39B}
		{927FE5C3-9DCC-4420-B8D5-B240FD6E6DBD} = {827E0CD3-B72D-47B6-A68D-7590B98EB39B}
		{35D6D2D8-6961-44A6-A933-04774A429463} = {827E0CD3-B72D-47B6-A68D-7590B98EB39B}
		{0C68C432-ECCC-445E-8ACA-1D5041E96CDA} = {0AB3BF05-4346-4AA6-1389-037BE0695223}
		{18EADC98-C1A6-4B0C-895D-61B48D8CB658} = {0AB3BF05-4346-4AA6-1389-037BE0695223}
	EndGlobalSection
EndGlobal
